
Microsoft Visual Studio Solution File, Format Version 12.00
# Visual Studio 15
VisualStudioVersion = 15.0.28307.438
MinimumVisualStudioVersion = 10.0.40219.1
Project("{FAE04EC0-301F-11D3-BF4B-00C04F79EFBC}") = "ConsoleApp3", "ConsoleApp3\ConsoleApp3.csproj", "{491762D2-8F7D-41C0-B070-780EF847AE10}"
EndProject
Global
	GlobalSection(SolutionConfigurationPlatforms) = preSolution
		Debug|Any CPU = Debug|Any CPU
		Release|Any CPU = Release|Any CPU
	EndGlobalSection
	GlobalSection(ProjectConfigurationPlatforms) = postSolution
		{491762D2-8F7D-41C0-B070-780EF847AE10}.Debug|Any CPU.ActiveCfg = Debug|Any CPU
		{491762D2-8F7D-41C0-B070-780EF847AE10}.Debug|Any CPU.Build.0 = Debug|Any CPU
		{491762D2-8F7D-41C0-B070-780EF847AE10}.Release|Any CPU.ActiveCfg = Release|Any CPU
		{491762D2-8F7D-41C0-B070-780EF847AE10}.Release|Any CPU.Build.0 = Release|Any CPU
	EndGlobalSection
	GlobalSection(SolutionProperties) = preSolution
		HideSolutionNode = FALSE
	EndGlobalSection
	GlobalSection(ExtensibilityGlobals) = postSolution
		SolutionGuid = {AB023F45-1E6D-40D6-BA0A-243D5A1EAFC2}
	EndGlobalSection
EndGlobal
